// !$*UTF8*$!
{
	archiveVersion = 1;
	classes = {
	};
	objectVersion = 46;
	objects = {

/* Begin PBXBuildFile section */
		79CF6D5119DD8B6D00D2C9BC /* AppDelegate.swift in Sources */ = {isa = PBXBuildFile; fileRef = 79CF6D5019DD8B6D00D2C9BC /* AppDelegate.swift */; };
		79CF6D5419DD8B6D00D2C9BC /* Example_Swift.xcdatamodeld in Sources */ = {isa = PBXBuildFile; fileRef = 79CF6D5219DD8B6D00D2C9BC /* Example_Swift.xcdatamodeld */; };
		79CF6D5619DD8B6D00D2C9BC /* MasterViewController.swift in Sources */ = {isa = PBXBuildFile; fileRef = 79CF6D5519DD8B6D00D2C9BC /* MasterViewController.swift */; };
		79CF6D5819DD8B6D00D2C9BC /* DetailViewController.swift in Sources */ = {isa = PBXBuildFile; fileRef = 79CF6D5719DD8B6D00D2C9BC /* DetailViewController.swift */; };
		79CF6D5B19DD8B6D00D2C9BC /* Main.storyboard in Resources */ = {isa = PBXBuildFile; fileRef = 79CF6D5919DD8B6D00D2C9BC /* Main.storyboard */; };
		79CF6D5D19DD8B6D00D2C9BC /* Images.xcassets in Resources */ = {isa = PBXBuildFile; fileRef = 79CF6D5C19DD8B6D00D2C9BC /* Images.xcassets */; };
		79CF6D6019DD8B6D00D2C9BC /* LaunchScreen.xib in Resources */ = {isa = PBXBuildFile; fileRef = 79CF6D5E19DD8B6D00D2C9BC /* LaunchScreen.xib */; };
		79CF6D7F19DD8C0200D2C9BC /* ActiveRecord.framework in Frameworks */ = {isa = PBXBuildFile; fileRef = 79CF6D7C19DD8BF000D2C9BC /* ActiveRecord.framework */; };
		79CF6D8019DD8C0200D2C9BC /* ActiveRecord.framework in Embed Frameworks */ = {isa = PBXBuildFile; fileRef = 79CF6D7C19DD8BF000D2C9BC /* ActiveRecord.framework */; settings = {ATTRIBUTES = (CodeSignOnCopy, RemoveHeadersOnCopy, ); }; };
		79CF6D8519DD8C7D00D2C9BC /* Event.swift in Sources */ = {isa = PBXBuildFile; fileRef = 79CF6D8419DD8C7D00D2C9BC /* Event.swift */; };
		7C31475619F8F9F2003B12F1 /* AppCoreDataStack.swift in Sources */ = {isa = PBXBuildFile; fileRef = 7C31475519F8F9F2003B12F1 /* AppCoreDataStack.swift */; };
/* End PBXBuildFile section */

/* Begin PBXContainerItemProxy section */
		79CF6D7B19DD8BF000D2C9BC /* PBXContainerItemProxy */ = {
			isa = PBXContainerItemProxy;
			containerPortal = 79CF6D7619DD8BF000D2C9BC /* ActiveRecord.xcodeproj */;
			proxyType = 2;
			remoteGlobalIDString = 790BAE0219BC141300B10B2D;
			remoteInfo = ActiveRecord;
		};
		79CF6D7D19DD8BF000D2C9BC /* PBXContainerItemProxy */ = {
			isa = PBXContainerItemProxy;
			containerPortal = 79CF6D7619DD8BF000D2C9BC /* ActiveRecord.xcodeproj */;
			proxyType = 2;
			remoteGlobalIDString = 790BAE0D19BC141300B10B2D;
			remoteInfo = ActiveRecordTests;
		};
		79CF6D8119DD8C0200D2C9BC /* PBXContainerItemProxy */ = {
			isa = PBXContainerItemProxy;
			containerPortal = 79CF6D7619DD8BF000D2C9BC /* ActiveRecord.xcodeproj */;
			proxyType = 1;
			remoteGlobalIDString = 790BAE0119BC141300B10B2D;
			remoteInfo = ActiveRecord;
		};
/* End PBXContainerItemProxy section */

/* Begin PBXCopyFilesBuildPhase section */
		79CF6D8319DD8C0200D2C9BC /* Embed Frameworks */ = {
			isa = PBXCopyFilesBuildPhase;
			buildActionMask = 2147483647;
			dstPath = "";
			dstSubfolderSpec = 10;
			files = (
				79CF6D8019DD8C0200D2C9BC /* ActiveRecord.framework in Embed Frameworks */,
			);
			name = "Embed Frameworks";
			runOnlyForDeploymentPostprocessing = 0;
		};
/* End PBXCopyFilesBuildPhase section */

/* Begin PBXFileReference section */
		79CF6D4B19DD8B6D00D2C9BC /* Example-Swift.app */ = {isa = PBXFileReference; explicitFileType = wrapper.application; includeInIndex = 0; path = "Example-Swift.app"; sourceTree = BUILT_PRODUCTS_DIR; };
		79CF6D4F19DD8B6D00D2C9BC /* Info.plist */ = {isa = PBXFileReference; lastKnownFileType = text.plist.xml; path = Info.plist; sourceTree = "<group>"; };
		79CF6D5019DD8B6D00D2C9BC /* AppDelegate.swift */ = {isa = PBXFileReference; lastKnownFileType = sourcecode.swift; path = AppDelegate.swift; sourceTree = "<group>"; };
		79CF6D5319DD8B6D00D2C9BC /* Example_Swift.xcdatamodel */ = {isa = PBXFileReference; lastKnownFileType = wrapper.xcdatamodel; path = Example_Swift.xcdatamodel; sourceTree = "<group>"; };
		79CF6D5519DD8B6D00D2C9BC /* MasterViewController.swift */ = {isa = PBXFileReference; lastKnownFileType = sourcecode.swift; path = MasterViewController.swift; sourceTree = "<group>"; };
		79CF6D5719DD8B6D00D2C9BC /* DetailViewController.swift */ = {isa = PBXFileReference; lastKnownFileType = sourcecode.swift; path = DetailViewController.swift; sourceTree = "<group>"; };
		79CF6D5A19DD8B6D00D2C9BC /* Base */ = {isa = PBXFileReference; lastKnownFileType = file.storyboard; name = Base; path = Base.lproj/Main.storyboard; sourceTree = "<group>"; };
		79CF6D5C19DD8B6D00D2C9BC /* Images.xcassets */ = {isa = PBXFileReference; lastKnownFileType = folder.assetcatalog; path = Images.xcassets; sourceTree = "<group>"; };
		79CF6D5F19DD8B6D00D2C9BC /* Base */ = {isa = PBXFileReference; lastKnownFileType = file.xib; name = Base; path = Base.lproj/LaunchScreen.xib; sourceTree = "<group>"; };
		79CF6D7619DD8BF000D2C9BC /* ActiveRecord.xcodeproj */ = {isa = PBXFileReference; lastKnownFileType = "wrapper.pb-project"; name = ActiveRecord.xcodeproj; path = ../../ActiveRecord.xcodeproj; sourceTree = "<group>"; };
		79CF6D8419DD8C7D00D2C9BC /* Event.swift */ = {isa = PBXFileReference; fileEncoding = 4; lastKnownFileType = sourcecode.swift; path = Event.swift; sourceTree = "<group>"; };
		7C31475519F8F9F2003B12F1 /* AppCoreDataStack.swift */ = {isa = PBXFileReference; fileEncoding = 4; lastKnownFileType = sourcecode.swift; path = AppCoreDataStack.swift; sourceTree = "<group>"; };
/* End PBXFileReference section */

/* Begin PBXFrameworksBuildPhase section */
		79CF6D4819DD8B6D00D2C9BC /* Frameworks */ = {
			isa = PBXFrameworksBuildPhase;
			buildActionMask = 2147483647;
			files = (
				79CF6D7F19DD8C0200D2C9BC /* ActiveRecord.framework in Frameworks */,
			);
			runOnlyForDeploymentPostprocessing = 0;
		};
/* End PBXFrameworksBuildPhase section */

/* Begin PBXGroup section */
		79CF6D4219DD8B6D00D2C9BC = {
			isa = PBXGroup;
			children = (
				79CF6D4D19DD8B6D00D2C9BC /* Example-Swift */,
				79CF6D7519DD8BE300D2C9BC /* Frameworks */,
				79CF6D4C19DD8B6D00D2C9BC /* Products */,
			);
			sourceTree = "<group>";
		};
		79CF6D4C19DD8B6D00D2C9BC /* Products */ = {
			isa = PBXGroup;
			children = (
				79CF6D4B19DD8B6D00D2C9BC /* Example-Swift.app */,
			);
			name = Products;
			sourceTree = "<group>";
		};
		79CF6D4D19DD8B6D00D2C9BC /* Example-Swift */ = {
			isa = PBXGroup;
			children = (
				79CF6D5019DD8B6D00D2C9BC /* AppDelegate.swift */,
				7C31475519F8F9F2003B12F1 /* AppCoreDataStack.swift */,
				79CF6D5519DD8B6D00D2C9BC /* MasterViewController.swift */,
				79CF6D5719DD8B6D00D2C9BC /* DetailViewController.swift */,
				79CF6D8419DD8C7D00D2C9BC /* Event.swift */,
				79CF6D5919DD8B6D00D2C9BC /* Main.storyboard */,
				79CF6D5C19DD8B6D00D2C9BC /* Images.xcassets */,
				79CF6D5E19DD8B6D00D2C9BC /* LaunchScreen.xib */,
				79CF6D5219DD8B6D00D2C9BC /* Example_Swift.xcdatamodeld */,
				79CF6D4E19DD8B6D00D2C9BC /* Supporting Files */,
			);
			path = "Example-Swift";
			sourceTree = "<group>";
		};
		79CF6D4E19DD8B6D00D2C9BC /* Supporting Files */ = {
			isa = PBXGroup;
			children = (
				79CF6D4F19DD8B6D00D2C9BC /* Info.plist */,
			);
			name = "Supporting Files";
			sourceTree = "<group>";
		};
		79CF6D7519DD8BE300D2C9BC /* Frameworks */ = {
			isa = PBXGroup;
			children = (
				79CF6D7619DD8BF000D2C9BC /* ActiveRecord.xcodeproj */,
			);
			name = Frameworks;
			sourceTree = "<group>";
		};
		79CF6D7719DD8BF000D2C9BC /* Products */ = {
			isa = PBXGroup;
			children = (
				79CF6D7C19DD8BF000D2C9BC /* ActiveRecord.framework */,
				79CF6D7E19DD8BF000D2C9BC /* ActiveRecordTests.xctest */,
			);
			name = Products;
			sourceTree = "<group>";
		};
/* End PBXGroup section */

/* Begin PBXNativeTarget section */
		79CF6D4A19DD8B6D00D2C9BC /* Example-Swift */ = {
			isa = PBXNativeTarget;
			buildConfigurationList = 79CF6D6F19DD8B6D00D2C9BC /* Build configuration list for PBXNativeTarget "Example-Swift" */;
			buildPhases = (
				79CF6D4719DD8B6D00D2C9BC /* Sources */,
				79CF6D4819DD8B6D00D2C9BC /* Frameworks */,
				79CF6D4919DD8B6D00D2C9BC /* Resources */,
				79CF6D8319DD8C0200D2C9BC /* Embed Frameworks */,
			);
			buildRules = (
			);
			dependencies = (
				79CF6D8219DD8C0200D2C9BC /* PBXTargetDependency */,
			);
			name = "Example-Swift";
			productName = "Example-Swift";
			productReference = 79CF6D4B19DD8B6D00D2C9BC /* Example-Swift.app */;
			productType = "com.apple.product-type.application";
		};
/* End PBXNativeTarget section */

/* Begin PBXProject section */
		79CF6D4319DD8B6D00D2C9BC /* Project object */ = {
			isa = PBXProject;
			attributes = {
				LastUpgradeCheck = 0600;
				ORGANIZATIONNAME = "Shintaro Kaneko (http://kaneshinth.com)";
				TargetAttributes = {
					79CF6D4A19DD8B6D00D2C9BC = {
						CreatedOnToolsVersion = 6.0.1;
					};
				};
			};
			buildConfigurationList = 79CF6D4619DD8B6D00D2C9BC /* Build configuration list for PBXProject "Example-Swift" */;
			compatibilityVersion = "Xcode 3.2";
			developmentRegion = English;
			hasScannedForEncodings = 0;
			knownRegions = (
				en,
				Base,
			);
			mainGroup = 79CF6D4219DD8B6D00D2C9BC;
			productRefGroup = 79CF6D4C19DD8B6D00D2C9BC /* Products */;
			projectDirPath = "";
			projectReferences = (
				{
					ProductGroup = 79CF6D7719DD8BF000D2C9BC /* Products */;
					ProjectRef = 79CF6D7619DD8BF000D2C9BC /* ActiveRecord.xcodeproj */;
				},
			);
			projectRoot = "";
			targets = (
				79CF6D4A19DD8B6D00D2C9BC /* Example-Swift */,
			);
		};
/* End PBXProject section */

/* Begin PBXReferenceProxy section */
		79CF6D7C19DD8BF000D2C9BC /* ActiveRecord.framework */ = {
			isa = PBXReferenceProxy;
			fileType = wrapper.framework;
			path = ActiveRecord.framework;
			remoteRef = 79CF6D7B19DD8BF000D2C9BC /* PBXContainerItemProxy */;
			sourceTree = BUILT_PRODUCTS_DIR;
		};
		79CF6D7E19DD8BF000D2C9BC /* ActiveRecordTests.xctest */ = {
			isa = PBXReferenceProxy;
			fileType = wrapper.cfbundle;
			path = ActiveRecordTests.xctest;
			remoteRef = 79CF6D7D19DD8BF000D2C9BC /* PBXContainerItemProxy */;
			sourceTree = BUILT_PRODUCTS_DIR;
		};
/* End PBXReferenceProxy section */

/* Begin PBXResourcesBuildPhase section */
		79CF6D4919DD8B6D00D2C9BC /* Resources */ = {
			isa = PBXResourcesBuildPhase;
			buildActionMask = 2147483647;
			files = (
				79CF6D5B19DD8B6D00D2C9BC /* Main.storyboard in Resources */,
				79CF6D6019DD8B6D00D2C9BC /* LaunchScreen.xib in Resources */,
				79CF6D5D19DD8B6D00D2C9BC /* Images.xcassets in Resources */,
			);
			runOnlyForDeploymentPostprocessing = 0;
		};
/* End PBXResourcesBuildPhase section */

/* Begin PBXSourcesBuildPhase section */
		79CF6D4719DD8B6D00D2C9BC /* Sources */ = {
			isa = PBXSourcesBuildPhase;
			buildActionMask = 2147483647;
			files = (
				79CF6D5419DD8B6D00D2C9BC /* Example_Swift.xcdatamodeld in Sources */,
				79CF6D5119DD8B6D00D2C9BC /* AppDelegate.swift in Sources */,
				79CF6D5619DD8B6D00D2C9BC /* MasterViewController.swift in Sources */,
				7C31475619F8F9F2003B12F1 /* AppCoreDataStack.swift in Sources */,
				79CF6D5819DD8B6D00D2C9BC /* DetailViewController.swift in Sources */,
				79CF6D8519DD8C7D00D2C9BC /* Event.swift in Sources */,
			);
			runOnlyForDeploymentPostprocessing = 0;
		};
/* End PBXSourcesBuildPhase section */

/* Begin PBXTargetDependency section */
		79CF6D8219DD8C0200D2C9BC /* PBXTargetDependency */ = {
			isa = PBXTargetDependency;
			name = ActiveRecord;
			targetProxy = 79CF6D8119DD8C0200D2C9BC /* PBXContainerItemProxy */;
		};
/* End PBXTargetDependency section */

/* Begin PBXVariantGroup section */
		79CF6D5919DD8B6D00D2C9BC /* Main.storyboard */ = {
			isa = PBXVariantGroup;
			children = (
				79CF6D5A19DD8B6D00D2C9BC /* Base */,
			);
			name = Main.storyboard;
			sourceTree = "<group>";
		};
		79CF6D5E19DD8B6D00D2C9BC /* LaunchScreen.xib */ = {
			isa = PBXVariantGroup;
			children = (
				79CF6D5F19DD8B6D00D2C9BC /* Base */,
			);
			name = LaunchScreen.xib;
			sourceTree = "<group>";
		};
/* End PBXVariantGroup section */

/* Begin XCBuildConfiguration section */
		79CF6D6D19DD8B6D00D2C9BC /* Debug */ = {
			isa = XCBuildConfiguration;
			buildSettings = {
				ALWAYS_SEARCH_USER_PATHS = NO;
				CLANG_CXX_LANGUAGE_STANDARD = "gnu++0x";
				CLANG_CXX_LIBRARY = "libc++";
				CLANG_ENABLE_MODULES = YES;
				CLANG_ENABLE_OBJC_ARC = YES;
				CLANG_WARN_BOOL_CONVERSION = YES;
				CLANG_WARN_CONSTANT_CONVERSION = YES;
				CLANG_WARN_DIRECT_OBJC_ISA_USAGE = YES_ERROR;
				CLANG_WARN_EMPTY_BODY = YES;
				CLANG_WARN_ENUM_CONVERSION = YES;
				CLANG_WARN_INT_CONVERSION = YES;
				CLANG_WARN_OBJC_ROOT_CLASS = YES_ERROR;
				CLANG_WARN_UNREACHABLE_CODE = YES;
				CLANG_WARN__DUPLICATE_METHOD_MATCH = YES;
				"CODE_SIGN_IDENTITY[sdk=iphoneos*]" = "iPhone Developer";
				COPY_PHASE_STRIP = NO;
				ENABLE_STRICT_OBJC_MSGSEND = YES;
				GCC_C_LANGUAGE_STANDARD = gnu99;
				GCC_DYNAMIC_NO_PIC = NO;
				GCC_OPTIMIZATION_LEVEL = 0;
				GCC_PREPROCESSOR_DEFINITIONS = (
					"DEBUG=1",
					"$(inherited)",
				);
				GCC_SYMBOLS_PRIVATE_EXTERN = NO;
				GCC_WARN_64_TO_32_BIT_CONVERSION = YES;
				GCC_WARN_ABOUT_RETURN_TYPE = YES_ERROR;
				GCC_WARN_UNDECLARED_SELECTOR = YES;
				GCC_WARN_UNINITIALIZED_AUTOS = YES_AGGRESSIVE;
				GCC_WARN_UNUSED_FUNCTION = YES;
				GCC_WARN_UNUSED_VARIABLE = YES;
				IPHONEOS_DEPLOYMENT_TARGET = 7.0;
				MTL_ENABLE_DEBUG_INFO = YES;
				ONLY_ACTIVE_ARCH = YES;
				SDKROOT = iphoneos;
				SWIFT_OPTIMIZATION_LEVEL = "-Onone";
			};
			name = Debug;
		};
		79CF6D6E19DD8B6D00D2C9BC /* Release */ = {
			isa = XCBuildConfiguration;
			buildSettings = {
				ALWAYS_SEARCH_USER_PATHS = NO;
				CLANG_CXX_LANGUAGE_STANDARD = "gnu++0x";
				CLANG_CXX_LIBRARY = "libc++";
				CLANG_ENABLE_MODULES = YES;
				CLANG_ENABLE_OBJC_ARC = YES;
				CLANG_WARN_BOOL_CONVERSION = YES;
				CLANG_WARN_CONSTANT_CONVERSION = YES;
				CLANG_WARN_DIRECT_OBJC_ISA_USAGE = YES_ERROR;
				CLANG_WARN_EMPTY_BODY = YES;
				CLANG_WARN_ENUM_CONVERSION = YES;
				CLANG_WARN_INT_CONVERSION = YES;
				CLANG_WARN_OBJC_ROOT_CLASS = YES_ERROR;
				CLANG_WARN_UNREACHABLE_CODE = YES;
				CLANG_WARN__DUPLICATE_METHOD_MATCH = YES;
				"CODE_SIGN_IDENTITY[sdk=iphoneos*]" = "iPhone Developer";
				COPY_PHASE_STRIP = YES;
				ENABLE_NS_ASSERTIONS = NO;
				ENABLE_STRICT_OBJC_MSGSEND = YES;
				GCC_C_LANGUAGE_STANDARD = gnu99;
				GCC_WARN_64_TO_32_BIT_CONVERSION = YES;
				GCC_WARN_ABOUT_RETURN_TYPE = YES_ERROR;
				GCC_WARN_UNDECLARED_SELECTOR = YES;
				GCC_WARN_UNINITIALIZED_AUTOS = YES_AGGRESSIVE;
				GCC_WARN_UNUSED_FUNCTION = YES;
				GCC_WARN_UNUSED_VARIABLE = YES;
				IPHONEOS_DEPLOYMENT_TARGET = 7.0;
				MTL_ENABLE_DEBUG_INFO = NO;
				SDKROOT = iphoneos;
				VALIDATE_PRODUCT = YES;
			};
			name = Release;
		};
		79CF6D7019DD8B6D00D2C9BC /* Debug */ = {
			isa = XCBuildConfiguration;
			buildSettings = {
				ASSETCATALOG_COMPILER_APPICON_NAME = AppIcon;
				INFOPLIST_FILE = "Example-Swift/Info.plist";
				LD_RUNPATH_SEARCH_PATHS = "$(inherited) @executable_path/Frameworks";
				PRODUCT_NAME = "$(TARGET_NAME)";
			};
			name = Debug;
		};
		79CF6D7119DD8B6D00D2C9BC /* Release */ = {
			isa = XCBuildConfiguration;
			buildSettings = {
				ASSETCATALOG_COMPILER_APPICON_NAME = AppIcon;
				INFOPLIST_FILE = "Example-Swift/Info.plist";
				LD_RUNPATH_SEARCH_PATHS = "$(inherited) @executable_path/Frameworks";
				PRODUCT_NAME = "$(TARGET_NAME)";
			};
			name = Release;
		};
/* End XCBuildConfiguration section */

/* Begin XCConfigurationList section */
		79CF6D4619DD8B6D00D2C9BC /* Build configuration list for PBXProject "Example-Swift" */ = {
			isa = XCConfigurationList;
			buildConfigurations = (
				79CF6D6D19DD8B6D00D2C9BC /* Debug */,
				79CF6D6E19DD8B6D00D2C9BC /* Release */,
			);
			defaultConfigurationIsVisible = 0;
			defaultConfigurationName = Release;
		};
		79CF6D6F19DD8B6D00D2C9BC /* Build configuration list for PBXNativeTarget "Example-Swift" */ = {
			isa = XCConfigurationList;
			buildConfigurations = (
				79CF6D7019DD8B6D00D2C9BC /* Debug */,
				79CF6D7119DD8B6D00D2C9BC /* Release */,
			);
			defaultConfigurationIsVisible = 0;
			defaultConfigurationName = Release;
		};
/* End XCConfigurationList section */

/* Begin XCVersionGroup section */
		79CF6D5219DD8B6D00D2C9BC /* Example_Swift.xcdatamodeld */ = {
			isa = XCVersionGroup;
			children = (
				79CF6D5319DD8B6D00D2C9BC /* Example_Swift.xcdatamodel */,
			);
			currentVersion = 79CF6D5319DD8B6D00D2C9BC /* Example_Swift.xcdatamodel */;
			path = Example_Swift.xcdatamodeld;
			sourceTree = "<group>";
			versionGroupType = wrapper.xcdatamodel;
		};
/* End XCVersionGroup section */
	};
	rootObject = 79CF6D4319DD8B6D00D2C9BC /* Project object */;
}
